// !$*UTF8*$!
{
	archiveVersion = 1;
	classes = {
	};
	objectVersion = 50;
	objects = {

/* Begin PBXBuildFile section */
		A750417C26BD7693008EF4BE /* EmojiArtApp.swift in Sources */ = {isa = PBXBuildFile; fileRef = A750417B26BD7693008EF4BE /* EmojiArtApp.swift */; };
		A750417E26BD7693008EF4BE /* EmojiArtDocumentView.swift in Sources */ = {isa = PBXBuildFile; fileRef = A750417D26BD7693008EF4BE /* EmojiArtDocumentView.swift */; };
		A750418026BD7693008EF4BE /* Assets.xcassets in Resources */ = {isa = PBXBuildFile; fileRef = A750417F26BD7693008EF4BE /* Assets.xcassets */; };
		A750418326BD7693008EF4BE /* Preview Assets.xcassets in Resources */ = {isa = PBXBuildFile; fileRef = A750418226BD7693008EF4BE /* Preview Assets.xcassets */; };
		A750418B26BD76A8008EF4BE /* EmojiArtModel.swift in Sources */ = {isa = PBXBuildFile; fileRef = A750418A26BD76A8008EF4BE /* EmojiArtModel.swift */; };
		A750418D26BD78EE008EF4BE /* EmojiArtModel.Background.swift in Sources */ = {isa = PBXBuildFile; fileRef = A750418C26BD78EE008EF4BE /* EmojiArtModel.Background.swift */; };
		A750419026BD7AFA008EF4BE /* EmojiArtDocument.swift in Sources */ = {isa = PBXBuildFile; fileRef = A750418F26BD7AFA008EF4BE /* EmojiArtDocument.swift */; };
		A750419726BD7F2B008EF4BE /* UtilityViews.swift in Sources */ = {isa = PBXBuildFile; fileRef = A750419526BD7F2B008EF4BE /* UtilityViews.swift */; };
		A750419826BD7F2B008EF4BE /* UtilityExtensions.swift in Sources */ = {isa = PBXBuildFile; fileRef = A750419626BD7F2B008EF4BE /* UtilityExtensions.swift */; };
		A7F069B026C2BA4300F60A8E /* PaletteStore.swift in Sources */ = {isa = PBXBuildFile; fileRef = A7F069AF26C2BA4300F60A8E /* PaletteStore.swift */; };
/* End PBXBuildFile section */

/* Begin PBXFileReference section */
		A750417826BD7693008EF4BE /* EmojiArt.app */ = {isa = PBXFileReference; explicitFileType = wrapper.application; includeInIndex = 0; path = EmojiArt.app; sourceTree = BUILT_PRODUCTS_DIR; };
		A750417B26BD7693008EF4BE /* EmojiArtApp.swift */ = {isa = PBXFileReference; lastKnownFileType = sourcecode.swift; path = EmojiArtApp.swift; sourceTree = "<group>"; };
		A750417D26BD7693008EF4BE /* EmojiArtDocumentView.swift */ = {isa = PBXFileReference; lastKnownFileType = sourcecode.swift; path = EmojiArtDocumentView.swift; sourceTree = "<group>"; };
		A750417F26BD7693008EF4BE /* Assets.xcassets */ = {isa = PBXFileReference; lastKnownFileType = folder.assetcatalog; path = Assets.xcassets; sourceTree = "<group>"; };
		A750418226BD7693008EF4BE /* Preview Assets.xcassets */ = {isa = PBXFileReference; lastKnownFileType = folder.assetcatalog; path = "Preview Assets.xcassets"; sourceTree = "<group>"; };
		A750418426BD7693008EF4BE /* Info.plist */ = {isa = PBXFileReference; lastKnownFileType = text.plist.xml; path = Info.plist; sourceTree = "<group>"; };
		A750418A26BD76A8008EF4BE /* EmojiArtModel.swift */ = {isa = PBXFileReference; lastKnownFileType = sourcecode.swift; path = EmojiArtModel.swift; sourceTree = "<group>"; };
		A750418C26BD78EE008EF4BE /* EmojiArtModel.Background.swift */ = {isa = PBXFileReference; lastKnownFileType = sourcecode.swift; path = EmojiArtModel.Background.swift; sourceTree = "<group>"; };
		A750418F26BD7AFA008EF4BE /* EmojiArtDocument.swift */ = {isa = PBXFileReference; lastKnownFileType = sourcecode.swift; path = EmojiArtDocument.swift; sourceTree = "<group>"; };
		A750419526BD7F2B008EF4BE /* UtilityViews.swift */ = {isa = PBXFileReference; fileEncoding = 4; lastKnownFileType = sourcecode.swift; path = UtilityViews.swift; sourceTree = "<group>"; };
		A750419626BD7F2B008EF4BE /* UtilityExtensions.swift */ = {isa = PBXFileReference; fileEncoding = 4; lastKnownFileType = sourcecode.swift; path = UtilityExtensions.swift; sourceTree = "<group>"; };
		A7F069AF26C2BA4300F60A8E /* PaletteStore.swift */ = {isa = PBXFileReference; lastKnownFileType = sourcecode.swift; path = PaletteStore.swift; sourceTree = "<group>"; };
/* End PBXFileReference section */

/* Begin PBXFrameworksBuildPhase section */
		A750417526BD7693008EF4BE /* Frameworks */ = {
			isa = PBXFrameworksBuildPhase;
			buildActionMask = 2147483647;
			files = (
			);
			runOnlyForDeploymentPostprocessing = 0;
		};
/* End PBXFrameworksBuildPhase section */

/* Begin PBXGroup section */
		A750416F26BD7693008EF4BE = {
			isa = PBXGroup;
			children = (
				A750417A26BD7693008EF4BE /* EmojiArt */,
				A750417926BD7693008EF4BE /* Products */,
			);
			sourceTree = "<group>";
		};
		A750417926BD7693008EF4BE /* Products */ = {
			isa = PBXGroup;
			children = (
				A750417826BD7693008EF4BE /* EmojiArt.app */,
			);
			name = Products;
			sourceTree = "<group>";
		};
		A750417A26BD7693008EF4BE /* EmojiArt */ = {
			isa = PBXGroup;
			children = (
				A750417B26BD7693008EF4BE /* EmojiArtApp.swift */,
				A784E56826BEA4320040EBF7 /* View */,
				A750418E26BD78F5008EF4BE /* Model */,
				A750419426BD7F09008EF4BE /* Utility */,
				A750417F26BD7693008EF4BE /* Assets.xcassets */,
				A750418426BD7693008EF4BE /* Info.plist */,
				A750418126BD7693008EF4BE /* Preview Content */,
			);
			path = EmojiArt;
			sourceTree = "<group>";
		};
		A750418126BD7693008EF4BE /* Preview Content */ = {
			isa = PBXGroup;
			children = (
				A750418226BD7693008EF4BE /* Preview Assets.xcassets */,
			);
			path = "Preview Content";
			sourceTree = "<group>";
		};
		A750418E26BD78F5008EF4BE /* Model */ = {
			isa = PBXGroup;
			children = (
				A750418A26BD76A8008EF4BE /* EmojiArtModel.swift */,
				A750418C26BD78EE008EF4BE /* EmojiArtModel.Background.swift */,
			);
			path = Model;
			sourceTree = "<group>";
		};
		A750419426BD7F09008EF4BE /* Utility */ = {
			isa = PBXGroup;
			children = (
				A750419626BD7F2B008EF4BE /* UtilityExtensions.swift */,
				A750419526BD7F2B008EF4BE /* UtilityViews.swift */,
			);
			path = Utility;
			sourceTree = "<group>";
		};
		A784E56826BEA4320040EBF7 /* View */ = {
			isa = PBXGroup;
			children = (
				A750418F26BD7AFA008EF4BE /* EmojiArtDocument.swift */,
				A750417D26BD7693008EF4BE /* EmojiArtDocumentView.swift */,
				A7F069AF26C2BA4300F60A8E /* PaletteStore.swift */,
			);
			path = View;
			sourceTree = "<group>";
		};
/* End PBXGroup section */

/* Begin PBXNativeTarget section */
		A750417726BD7693008EF4BE /* EmojiArt */ = {
			isa = PBXNativeTarget;
			buildConfigurationList = A750418726BD7693008EF4BE /* Build configuration list for PBXNativeTarget "EmojiArt" */;
			buildPhases = (
				A750417426BD7693008EF4BE /* Sources */,
				A750417526BD7693008EF4BE /* Frameworks */,
				A750417626BD7693008EF4BE /* Resources */,
			);
			buildRules = (
			);
			dependencies = (
			);
			name = EmojiArt;
			productName = EmojiArt;
			productReference = A750417826BD7693008EF4BE /* EmojiArt.app */;
			productType = "com.apple.product-type.application";
		};
/* End PBXNativeTarget section */

/* Begin PBXProject section */
		A750417026BD7693008EF4BE /* Project object */ = {
			isa = PBXProject;
			attributes = {
				LastSwiftUpdateCheck = 1250;
				LastUpgradeCheck = 1250;
				TargetAttributes = {
					A750417726BD7693008EF4BE = {
						CreatedOnToolsVersion = 12.5.1;
					};
				};
			};
			buildConfigurationList = A750417326BD7693008EF4BE /* Build configuration list for PBXProject "EmojiArt" */;
			compatibilityVersion = "Xcode 9.3";
			developmentRegion = en;
			hasScannedForEncodings = 0;
			knownRegions = (
				en,
				Base,
			);
			mainGroup = A750416F26BD7693008EF4BE;
			productRefGroup = A750417926BD7693008EF4BE /* Products */;
			projectDirPath = "";
			projectRoot = "";
			targets = (
				A750417726BD7693008EF4BE /* EmojiArt */,
			);
		};
/* End PBXProject section */

/* Begin PBXResourcesBuildPhase section */
		A750417626BD7693008EF4BE /* Resources */ = {
			isa = PBXResourcesBuildPhase;
			buildActionMask = 2147483647;
			files = (
				A750418326BD7693008EF4BE /* Preview Assets.xcassets in Resources */,
				A750418026BD7693008EF4BE /* Assets.xcassets in Resources */,
			);
			runOnlyForDeploymentPostprocessing = 0;
		};
/* End PBXResourcesBuildPhase section */

/* Begin PBXSourcesBuildPhase section */
		A750417426BD7693008EF4BE /* Sources */ = {
			isa = PBXSourcesBuildPhase;
			buildActionMask = 2147483647;
			files = (
				A750417E26BD7693008EF4BE /* EmojiArtDocumentView.swift in Sources */,
				A7F069B026C2BA4300F60A8E /* PaletteStore.swift in Sources */,
				A750417C26BD7693008EF4BE /* EmojiArtApp.swift in Sources */,
				A750419026BD7AFA008EF4BE /* EmojiArtDocument.swift in Sources */,
				A750419826BD7F2B008EF4BE /* UtilityExtensions.swift in Sources */,
				A750418B26BD76A8008EF4BE /* EmojiArtModel.swift in Sources */,
				A750418D26BD78EE008EF4BE /* EmojiArtModel.Background.swift in Sources */,
				A750419726BD7F2B008EF4BE /* UtilityViews.swift in Sources */,
			);
			runOnlyForDeploymentPostprocessing = 0;
		};
/* End PBXSourcesBuildPhase section */

/* Begin XCBuildConfiguration section */
		A750418526BD7693008EF4BE /* Debug */ = {
			isa = XCBuildConfiguration;
			buildSettings = {
				ALWAYS_SEARCH_USER_PATHS = NO;
				CLANG_ANALYZER_NONNULL = YES;
				CLANG_ANALYZER_NUMBER_OBJECT_CONVERSION = YES_AGGRESSIVE;
				CLANG_CXX_LANGUAGE_STANDARD = "gnu++14";
				CLANG_CXX_LIBRARY = "libc++";
				CLANG_ENABLE_MODULES = YES;
				CLANG_ENABLE_OBJC_ARC = YES;
				CLANG_ENABLE_OBJC_WEAK = YES;
				CLANG_WARN_BLOCK_CAPTURE_AUTORELEASING = YES;
				CLANG_WARN_BOOL_CONVERSION = YES;
				CLANG_WARN_COMMA = YES;
				CLANG_WARN_CONSTANT_CONVERSION = YES;
				CLANG_WARN_DEPRECATED_OBJC_IMPLEMENTATIONS = YES;
				CLANG_WARN_DIRECT_OBJC_ISA_USAGE = YES_ERROR;
				CLANG_WARN_DOCUMENTATION_COMMENTS = YES;
				CLANG_WARN_EMPTY_BODY = YES;
				CLANG_WARN_ENUM_CONVERSION = YES;
				CLANG_WARN_INFINITE_RECURSION = YES;
				CLANG_WARN_INT_CONVERSION = YES;
				CLANG_WARN_NON_LITERAL_NULL_CONVERSION = YES;
				CLANG_WARN_OBJC_IMPLICIT_RETAIN_SELF = YES;
				CLANG_WARN_OBJC_LITERAL_CONVERSION = YES;
				CLANG_WARN_OBJC_ROOT_CLASS = YES_ERROR;
				CLANG_WARN_QUOTED_INCLUDE_IN_FRAMEWORK_HEADER = YES;
				CLANG_WARN_RANGE_LOOP_ANALYSIS = YES;
				CLANG_WARN_STRICT_PROTOTYPES = YES;
				CLANG_WARN_SUSPICIOUS_MOVE = YES;
				CLANG_WARN_UNGUARDED_AVAILABILITY = YES_AGGRESSIVE;
				CLANG_WARN_UNREACHABLE_CODE = YES;
				CLANG_WARN__DUPLICATE_METHOD_MATCH = YES;
				COPY_PHASE_STRIP = NO;
				DEBUG_INFORMATION_FORMAT = dwarf;
				ENABLE_STRICT_OBJC_MSGSEND = YES;
				ENABLE_TESTABILITY = YES;
				GCC_C_LANGUAGE_STANDARD = gnu11;
				GCC_DYNAMIC_NO_PIC = NO;
				GCC_NO_COMMON_BLOCKS = YES;
				GCC_OPTIMIZATION_LEVEL = 0;
				GCC_PREPROCESSOR_DEFINITIONS = (
					"DEBUG=1",
					"$(inherited)",
				);
				GCC_WARN_64_TO_32_BIT_CONVERSION = YES;
				GCC_WARN_ABOUT_RETURN_TYPE = YES_ERROR;
				GCC_WARN_UNDECLARED_SELECTOR = YES;
				GCC_WARN_UNINITIALIZED_AUTOS = YES_AGGRESSIVE;
				GCC_WARN_UNUSED_FUNCTION = YES;
				GCC_WARN_UNUSED_VARIABLE = YES;
				IPHONEOS_DEPLOYMENT_TARGET = 14.5;
				MTL_ENABLE_DEBUG_INFO = INCLUDE_SOURCE;
				MTL_FAST_MATH = YES;
				ONLY_ACTIVE_ARCH = YES;
				SDKROOT = iphoneos;
				SWIFT_ACTIVE_COMPILATION_CONDITIONS = DEBUG;
				SWIFT_OPTIMIZATION_LEVEL = "-Onone";
			};
			name = Debug;
		};
		A750418626BD7693008EF4BE /* Release */ = {
			isa = XCBuildConfiguration;
			buildSettings = {
				ALWAYS_SEARCH_USER_PATHS = NO;
				CLANG_ANALYZER_NONNULL = YES;
				CLANG_ANALYZER_NUMBER_OBJECT_CONVERSION = YES_AGGRESSIVE;
				CLANG_CXX_LANGUAGE_STANDARD = "gnu++14";
				CLANG_CXX_LIBRARY = "libc++";
				CLANG_ENABLE_MODULES = YES;
				CLANG_ENABLE_OBJC_ARC = YES;
				CLANG_ENABLE_OBJC_WEAK = YES;
				CLANG_WARN_BLOCK_CAPTURE_AUTORELEASING = YES;
				CLANG_WARN_BOOL_CONVERSION = YES;
				CLANG_WARN_COMMA = YES;
				CLANG_WARN_CONSTANT_CONVERSION = YES;
				CLANG_WARN_DEPRECATED_OBJC_IMPLEMENTATIONS = YES;
				CLANG_WARN_DIRECT_OBJC_ISA_USAGE = YES_ERROR;
				CLANG_WARN_DOCUMENTATION_COMMENTS = YES;
				CLANG_WARN_EMPTY_BODY = YES;
				CLANG_WARN_ENUM_CONVERSION = YES;
				CLANG_WARN_INFINITE_RECURSION = YES;
				CLANG_WARN_INT_CONVERSION = YES;
				CLANG_WARN_NON_LITERAL_NULL_CONVERSION = YES;
				CLANG_WARN_OBJC_IMPLICIT_RETAIN_SELF = YES;
				CLANG_WARN_OBJC_LITERAL_CONVERSION = YES;
				CLANG_WARN_OBJC_ROOT_CLASS = YES_ERROR;
				CLANG_WARN_QUOTED_INCLUDE_IN_FRAMEWORK_HEADER = YES;
				CLANG_WARN_RANGE_LOOP_ANALYSIS = YES;
				CLANG_WARN_STRICT_PROTOTYPES = YES;
				CLANG_WARN_SUSPICIOUS_MOVE = YES;
				CLANG_WARN_UNGUARDED_AVAILABILITY = YES_AGGRESSIVE;
				CLANG_WARN_UNREACHABLE_CODE = YES;
				CLANG_WARN__DUPLICATE_METHOD_MATCH = YES;
				COPY_PHASE_STRIP = NO;
				DEBUG_INFORMATION_FORMAT = "dwarf-with-dsym";
				ENABLE_NS_ASSERTIONS = NO;
				ENABLE_STRICT_OBJC_MSGSEND = YES;
				GCC_C_LANGUAGE_STANDARD = gnu11;
				GCC_NO_COMMON_BLOCKS = YES;
				GCC_WARN_64_TO_32_BIT_CONVERSION = YES;
				GCC_WARN_ABOUT_RETURN_TYPE = YES_ERROR;
				GCC_WARN_UNDECLARED_SELECTOR = YES;
				GCC_WARN_UNINITIALIZED_AUTOS = YES_AGGRESSIVE;
				GCC_WARN_UNUSED_FUNCTION = YES;
				GCC_WARN_UNUSED_VARIABLE = YES;
				IPHONEOS_DEPLOYMENT_TARGET = 14.5;
				MTL_ENABLE_DEBUG_INFO = NO;
				MTL_FAST_MATH = YES;
				SDKROOT = iphoneos;
				SWIFT_COMPILATION_MODE = wholemodule;
				SWIFT_OPTIMIZATION_LEVEL = "-O";
				VALIDATE_PRODUCT = YES;
			};
			name = Release;
		};
		A750418826BD7693008EF4BE /* Debug */ = {
			isa = XCBuildConfiguration;
			buildSettings = {
				ASSETCATALOG_COMPILER_APPICON_NAME = AppIcon;
				ASSETCATALOG_COMPILER_GLOBAL_ACCENT_COLOR_NAME = AccentColor;
				CODE_SIGN_STYLE = Automatic;
				DEVELOPMENT_ASSET_PATHS = "\"EmojiArt/Preview Content\"";
				DEVELOPMENT_TEAM = DD3Q65FSP4;
				ENABLE_PREVIEWS = YES;
				INFOPLIST_FILE = EmojiArt/Info.plist;
				IPHONEOS_DEPLOYMENT_TARGET = 14.0;
				LD_RUNPATH_SEARCH_PATHS = (
					"$(inherited)",
					"@executable_path/Frameworks",
				);
				PRODUCT_BUNDLE_IDENTIFIER = kuko.EmojiArt;
				PRODUCT_NAME = "$(TARGET_NAME)";
				SWIFT_VERSION = 5.0;
				TARGETED_DEVICE_FAMILY = "1,2";
			};
			name = Debug;
		};
		A750418926BD7693008EF4BE /* Release */ = {
			isa = XCBuildConfiguration;
			buildSettings = {
				ASSETCATALOG_COMPILER_APPICON_NAME = AppIcon;
				ASSETCATALOG_COMPILER_GLOBAL_ACCENT_COLOR_NAME = AccentColor;
				CODE_SIGN_STYLE = Automatic;
				DEVELOPMENT_ASSET_PATHS = "\"EmojiArt/Preview Content\"";
				DEVELOPMENT_TEAM = DD3Q65FSP4;
				ENABLE_PREVIEWS = YES;
				INFOPLIST_FILE = EmojiArt/Info.plist;
				IPHONEOS_DEPLOYMENT_TARGET = 14.0;
				LD_RUNPATH_SEARCH_PATHS = (
					"$(inherited)",
					"@executable_path/Frameworks",
				);
				PRODUCT_BUNDLE_IDENTIFIER = kuko.EmojiArt;
				PRODUCT_NAME = "$(TARGET_NAME)";
				SWIFT_VERSION = 5.0;
				TARGETED_DEVICE_FAMILY = "1,2";
			};
			name = Release;
		};
/* End XCBuildConfiguration section */

/* Begin XCConfigurationList section */
		A750417326BD7693008EF4BE /* Build configuration list for PBXProject "EmojiArt" */ = {
			isa = XCConfigurationList;
			buildConfigurations = (
				A750418526BD7693008EF4BE /* Debug */,
				A750418626BD7693008EF4BE /* Release */,
			);
			defaultConfigurationIsVisible = 0;
			defaultConfigurationName = Release;
		};
		A750418726BD7693008EF4BE /* Build configuration list for PBXNativeTarget "EmojiArt" */ = {
			isa = XCConfigurationList;
			buildConfigurations = (
				A750418826BD7693008EF4BE /* Debug */,
				A750418926BD7693008EF4BE /* Release */,
			);
			defaultConfigurationIsVisible = 0;
			defaultConfigurationName = Release;
		};
/* End XCConfigurationList section */
	};
	rootObject = A750417026BD7693008EF4BE /* Project object */;
}
